// !$*UTF8*$!
{
	archiveVersion = 1;
	classes = {
	};
	objectVersion = 50;
	objects = {

/* Begin PBXBuildFile section */
		FA8F4DAD213D23CC005A24BA /* AppDelegate.m in Sources */ = {isa = PBXBuildFile; fileRef = FA8F4DAC213D23CC005A24BA /* AppDelegate.m */; };
		FA8F4DAF213D23CD005A24BA /* Assets.xcassets in Resources */ = {isa = PBXBuildFile; fileRef = FA8F4DAE213D23CD005A24BA /* Assets.xcassets */; };
		FA8F4DB2213D23CD005A24BA /* MainMenu.xib in Resources */ = {isa = PBXBuildFile; fileRef = FA8F4DB0213D23CD005A24BA /* MainMenu.xib */; };
		FA8F4DB5213D23CD005A24BA /* main.m in Sources */ = {isa = PBXBuildFile; fileRef = FA8F4DB4213D23CD005A24BA /* main.m */; };
		FA8F4DDE213D4BF6005A24BA /* StatusMenuController.m in Sources */ = {isa = PBXBuildFile; fileRef = FA8F4DDD213D4BF6005A24BA /* StatusMenuController.m */; };
/* End PBXBuildFile section */

/* Begin PBXFileReference section */
		FA8F4DA8213D23CC005A24BA /* Scan2Post.app */ = {isa = PBXFileReference; explicitFileType = wrapper.application; includeInIndex = 0; path = Scan2Post.app; sourceTree = BUILT_PRODUCTS_DIR; };
		FA8F4DAB213D23CC005A24BA /* AppDelegate.h */ = {isa = PBXFileReference; lastKnownFileType = sourcecode.c.h; path = AppDelegate.h; sourceTree = "<group>"; };
		FA8F4DAC213D23CC005A24BA /* AppDelegate.m */ = {isa = PBXFileReference; lastKnownFileType = sourcecode.c.objc; path = AppDelegate.m; sourceTree = "<group>"; };
		FA8F4DAE213D23CD005A24BA /* Assets.xcassets */ = {isa = PBXFileReference; lastKnownFileType = folder.assetcatalog; path = Assets.xcassets; sourceTree = "<group>"; };
		FA8F4DB1213D23CD005A24BA /* Base */ = {isa = PBXFileReference; lastKnownFileType = file.xib; name = Base; path = Base.lproj/MainMenu.xib; sourceTree = "<group>"; };
		FA8F4DB3213D23CD005A24BA /* Info.plist */ = {isa = PBXFileReference; lastKnownFileType = text.plist.xml; path = Info.plist; sourceTree = "<group>"; };
		FA8F4DB4213D23CD005A24BA /* main.m */ = {isa = PBXFileReference; lastKnownFileType = sourcecode.c.objc; path = main.m; sourceTree = "<group>"; };
		FA8F4DB6213D23CD005A24BA /* Scan2Post.entitlements */ = {isa = PBXFileReference; lastKnownFileType = text.plist.entitlements; path = Scan2Post.entitlements; sourceTree = "<group>"; };
		FA8F4DDC213D4BF6005A24BA /* StatusMenuController.h */ = {isa = PBXFileReference; lastKnownFileType = sourcecode.c.h; path = StatusMenuController.h; sourceTree = "<group>"; };
		FA8F4DDD213D4BF6005A24BA /* StatusMenuController.m */ = {isa = PBXFileReference; lastKnownFileType = sourcecode.c.objc; path = StatusMenuController.m; sourceTree = "<group>"; };
/* End PBXFileReference section */

/* Begin PBXFrameworksBuildPhase section */
		FA8F4DA5213D23CC005A24BA /* Frameworks */ = {
			isa = PBXFrameworksBuildPhase;
			buildActionMask = 2147483647;
			files = (
			);
			runOnlyForDeploymentPostprocessing = 0;
		};
/* End PBXFrameworksBuildPhase section */

/* Begin PBXGroup section */
		FA8F4D9F213D23CC005A24BA = {
			isa = PBXGroup;
			children = (
				FA8F4DAA213D23CC005A24BA /* Scan2Post */,
				FA8F4DA9213D23CC005A24BA /* Products */,
			);
			sourceTree = "<group>";
		};
		FA8F4DA9213D23CC005A24BA /* Products */ = {
			isa = PBXGroup;
			children = (
				FA8F4DA8213D23CC005A24BA /* Scan2Post.app */,
			);
			name = Products;
			sourceTree = "<group>";
		};
		FA8F4DAA213D23CC005A24BA /* Scan2Post */ = {
			isa = PBXGroup;
			children = (
				FA8F4DAB213D23CC005A24BA /* AppDelegate.h */,
				FA8F4DAC213D23CC005A24BA /* AppDelegate.m */,
				FA8F4DAE213D23CD005A24BA /* Assets.xcassets */,
				FA8F4DB0213D23CD005A24BA /* MainMenu.xib */,
				FA8F4DB3213D23CD005A24BA /* Info.plist */,
				FA8F4DB4213D23CD005A24BA /* main.m */,
				FA8F4DB6213D23CD005A24BA /* Scan2Post.entitlements */,
				FA8F4DDC213D4BF6005A24BA /* StatusMenuController.h */,
				FA8F4DDD213D4BF6005A24BA /* StatusMenuController.m */,
			);
			path = Scan2Post;
			sourceTree = "<group>";
		};
/* End PBXGroup section */

/* Begin PBXNativeTarget section */
		FA8F4DA7213D23CC005A24BA /* Scan2Post */ = {
			isa = PBXNativeTarget;
			buildConfigurationList = FA8F4DB9213D23CD005A24BA /* Build configuration list for PBXNativeTarget "Scan2Post" */;
			buildPhases = (
				FA8F4DA4213D23CC005A24BA /* Sources */,
				FA8F4DA5213D23CC005A24BA /* Frameworks */,
				FA8F4DA6213D23CC005A24BA /* Resources */,
			);
			buildRules = (
			);
			dependencies = (
			);
			name = Scan2Post;
			productName = Scan2Post;
			productReference = FA8F4DA8213D23CC005A24BA /* Scan2Post.app */;
			productType = "com.apple.product-type.application";
		};
/* End PBXNativeTarget section */

/* Begin PBXProject section */
		FA8F4DA0213D23CC005A24BA /* Project object */ = {
			isa = PBXProject;
			attributes = {
				LastUpgradeCheck = 0940;
				ORGANIZATIONNAME = "Alex Bettarini";
				TargetAttributes = {
					FA8F4DA7213D23CC005A24BA = {
						CreatedOnToolsVersion = 9.4.1;
					};
				};
			};
			buildConfigurationList = FA8F4DA3213D23CC005A24BA /* Build configuration list for PBXProject "Scan2Post" */;
			compatibilityVersion = "Xcode 9.3";
			developmentRegion = en;
			hasScannedForEncodings = 0;
			knownRegions = (
				en,
				Base,
			);
			mainGroup = FA8F4D9F213D23CC005A24BA;
			productRefGroup = FA8F4DA9213D23CC005A24BA /* Products */;
			projectDirPath = "";
			projectRoot = "";
			targets = (
				FA8F4DA7213D23CC005A24BA /* Scan2Post */,
			);
		};
/* End PBXProject section */

/* Begin PBXResourcesBuildPhase section */
		FA8F4DA6213D23CC005A24BA /* Resources */ = {
			isa = PBXResourcesBuildPhase;
			buildActionMask = 2147483647;
			files = (
				FA8F4DAF213D23CD005A24BA /* Assets.xcassets in Resources */,
				FA8F4DB2213D23CD005A24BA /* MainMenu.xib in Resources */,
			);
			runOnlyForDeploymentPostprocessing = 0;
		};
/* End PBXResourcesBuildPhase section */

/* Begin PBXSourcesBuildPhase section */
		FA8F4DA4213D23CC005A24BA /* Sources */ = {
			isa = PBXSourcesBuildPhase;
			buildActionMask = 2147483647;
			files = (
				FA8F4DB5213D23CD005A24BA /* main.m in Sources */,
				FA8F4DAD213D23CC005A24BA /* AppDelegate.m in Sources */,
				FA8F4DDE213D4BF6005A24BA /* StatusMenuController.m in Sources */,
			);
			runOnlyForDeploymentPostprocessing = 0;
		};
/* End PBXSourcesBuildPhase section */

/* Begin PBXVariantGroup section */
		FA8F4DB0213D23CD005A24BA /* MainMenu.xib */ = {
			isa = PBXVariantGroup;
			children = (
				FA8F4DB1213D23CD005A24BA /* Base */,
			);
			name = MainMenu.xib;
			sourceTree = "<group>";
		};
/* End PBXVariantGroup section */

/* Begin XCBuildConfiguration section */
		FA8F4DB7213D23CD005A24BA /* Debug */ = {
			isa = XCBuildConfiguration;
			buildSettings = {
				ALWAYS_SEARCH_USER_PATHS = NO;
				CLANG_ANALYZER_NONNULL = YES;
				CLANG_ANALYZER_NUMBER_OBJECT_CONVERSION = YES_AGGRESSIVE;
				CLANG_CXX_LANGUAGE_STANDARD = "gnu++14";
				CLANG_CXX_LIBRARY = "libc++";
				CLANG_ENABLE_MODULES = YES;
				CLANG_ENABLE_OBJC_ARC = YES;
				CLANG_ENABLE_OBJC_WEAK = YES;
				CLANG_WARN_BLOCK_CAPTURE_AUTORELEASING = YES;
				CLANG_WARN_BOOL_CONVERSION = YES;
				CLANG_WARN_COMMA = YES;
				CLANG_WARN_CONSTANT_CONVERSION = YES;
				CLANG_WARN_DEPRECATED_OBJC_IMPLEMENTATIONS = YES;
				CLANG_WARN_DIRECT_OBJC_ISA_USAGE = YES_ERROR;
				CLANG_WARN_DOCUMENTATION_COMMENTS = YES;
				CLANG_WARN_EMPTY_BODY = YES;
				CLANG_WARN_ENUM_CONVERSION = YES;
				CLANG_WARN_INFINITE_RECURSION = YES;
				CLANG_WARN_INT_CONVERSION = YES;
				CLANG_WARN_NON_LITERAL_NULL_CONVERSION = YES;
				CLANG_WARN_OBJC_IMPLICIT_RETAIN_SELF = YES;
				CLANG_WARN_OBJC_LITERAL_CONVERSION = YES;
				CLANG_WARN_OBJC_ROOT_CLASS = YES_ERROR;
				CLANG_WARN_RANGE_LOOP_ANALYSIS = YES;
				CLANG_WARN_STRICT_PROTOTYPES = YES;
				CLANG_WARN_SUSPICIOUS_MOVE = YES;
				CLANG_WARN_UNGUARDED_AVAILABILITY = YES_AGGRESSIVE;
				CLANG_WARN_UNREACHABLE_CODE = YES;
				CLANG_WARN__DUPLICATE_METHOD_MATCH = YES;
				CODE_SIGN_IDENTITY = "Mac Developer";
				COPY_PHASE_STRIP = NO;
				DEBUG_INFORMATION_FORMAT = dwarf;
				ENABLE_STRICT_OBJC_MSGSEND = YES;
				ENABLE_TESTABILITY = YES;
				GCC_C_LANGUAGE_STANDARD = gnu11;
				GCC_DYNAMIC_NO_PIC = NO;
				GCC_NO_COMMON_BLOCKS = YES;
				GCC_OPTIMIZATION_LEVEL = 0;
				GCC_PREPROCESSOR_DEFINITIONS = (
					"DEBUG=1",
					"$(inherited)",
				);
				GCC_WARN_64_TO_32_BIT_CONVERSION = YES;
				GCC_WARN_ABOUT_RETURN_TYPE = YES_ERROR;
				GCC_WARN_UNDECLARED_SELECTOR = YES;
				GCC_WARN_UNINITIALIZED_AUTOS = YES_AGGRESSIVE;
				GCC_WARN_UNUSED_FUNCTION = YES;
				GCC_WARN_UNUSED_VARIABLE = YES;
				MACOSX_DEPLOYMENT_TARGET = 10.13;
				MTL_ENABLE_DEBUG_INFO = YES;
				ONLY_ACTIVE_ARCH = YES;
				SDKROOT = macosx;
			};
			name = Debug;
		};
		FA8F4DB8213D23CD005A24BA /* Release */ = {
			isa = XCBuildConfiguration;
			buildSettings = {
				ALWAYS_SEARCH_USER_PATHS = NO;
				CLANG_ANALYZER_NONNULL = YES;
				CLANG_ANALYZER_NUMBER_OBJECT_CONVERSION = YES_AGGRESSIVE;
				CLANG_CXX_LANGUAGE_STANDARD = "gnu++14";
				CLANG_CXX_LIBRARY = "libc++";
				CLANG_ENABLE_MODULES = YES;
				CLANG_ENABLE_OBJC_ARC = YES;
				CLANG_ENABLE_OBJC_WEAK = YES;
				CLANG_WARN_BLOCK_CAPTURE_AUTORELEASING = YES;
				CLANG_WARN_BOOL_CONVERSION = YES;
				CLANG_WARN_COMMA = YES;
				CLANG_WARN_CONSTANT_CONVERSION = YES;
				CLANG_WARN_DEPRECATED_OBJC_IMPLEMENTATIONS = YES;
				CLANG_WARN_DIRECT_OBJC_ISA_USAGE = YES_ERROR;
				CLANG_WARN_DOCUMENTATION_COMMENTS = YES;
				CLANG_WARN_EMPTY_BODY = YES;
				CLANG_WARN_ENUM_CONVERSION = YES;
				CLANG_WARN_INFINITE_RECURSION = YES;
				CLANG_WARN_INT_CONVERSION = YES;
				CLANG_WARN_NON_LITERAL_NULL_CONVERSION = YES;
				CLANG_WARN_OBJC_IMPLICIT_RETAIN_SELF = YES;
				CLANG_WARN_OBJC_LITERAL_CONVERSION = YES;
				CLANG_WARN_OBJC_ROOT_CLASS = YES_ERROR;
				CLANG_WARN_RANGE_LOOP_ANALYSIS = YES;
				CLANG_WARN_STRICT_PROTOTYPES = YES;
				CLANG_WARN_SUSPICIOUS_MOVE = YES;
				CLANG_WARN_UNGUARDED_AVAILABILITY = YES_AGGRESSIVE;
				CLANG_WARN_UNREACHABLE_CODE = YES;
				CLANG_WARN__DUPLICATE_METHOD_MATCH = YES;
				CODE_SIGN_IDENTITY = "Mac Developer";
				COPY_PHASE_STRIP = NO;
				DEBUG_INFORMATION_FORMAT = "dwarf-with-dsym";
				ENABLE_NS_ASSERTIONS = NO;
				ENABLE_STRICT_OBJC_MSGSEND = YES;
				GCC_C_LANGUAGE_STANDARD = gnu11;
				GCC_NO_COMMON_BLOCKS = YES;
				GCC_WARN_64_TO_32_BIT_CONVERSION = YES;
				GCC_WARN_ABOUT_RETURN_TYPE = YES_ERROR;
				GCC_WARN_UNDECLARED_SELECTOR = YES;
				GCC_WARN_UNINITIALIZED_AUTOS = YES_AGGRESSIVE;
				GCC_WARN_UNUSED_FUNCTION = YES;
				GCC_WARN_UNUSED_VARIABLE = YES;
				MACOSX_DEPLOYMENT_TARGET = 10.13;
				MTL_ENABLE_DEBUG_INFO = NO;
				SDKROOT = macosx;
			};
			name = Release;
		};
		FA8F4DBA213D23CD005A24BA /* Debug */ = {
			isa = XCBuildConfiguration;
			buildSettings = {
				ASSETCATALOG_COMPILER_APPICON_NAME = AppIcon;
				CODE_SIGN_ENTITLEMENTS = Scan2Post/Scan2Post.entitlements;
				CODE_SIGN_STYLE = Automatic;
				COMBINE_HIDPI_IMAGES = YES;
				DEVELOPMENT_TEAM = FNK9U8WRL9;
				INFOPLIST_FILE = Scan2Post/Info.plist;
				LD_RUNPATH_SEARCH_PATHS = (
					"$(inherited)",
					"@executable_path/../Frameworks",
				);
				PRODUCT_BUNDLE_IDENTIFIER = com.bettar.it.Scan2Post;
				PRODUCT_NAME = "$(TARGET_NAME)";
			};
			name = Debug;
		};
		FA8F4DBB213D23CD005A24BA /* Release */ = {
			isa = XCBuildConfiguration;
			buildSettings = {
				ASSETCATALOG_COMPILER_APPICON_NAME = AppIcon;
				CODE_SIGN_ENTITLEMENTS = Scan2Post/Scan2Post.entitlements;
				CODE_SIGN_STYLE = Automatic;
				COMBINE_HIDPI_IMAGES = YES;
				DEVELOPMENT_TEAM = FNK9U8WRL9;
				INFOPLIST_FILE = Scan2Post/Info.plist;
				LD_RUNPATH_SEARCH_PATHS = (
					"$(inherited)",
					"@executable_path/../Frameworks",
				);
				PRODUCT_BUNDLE_IDENTIFIER = com.bettar.it.Scan2Post;
				PRODUCT_NAME = "$(TARGET_NAME)";
			};
			name = Release;
		};
/* End XCBuildConfiguration section */

/* Begin XCConfigurationList section */
		FA8F4DA3213D23CC005A24BA /* Build configuration list for PBXProject "Scan2Post" */ = {
			isa = XCConfigurationList;
			buildConfigurations = (
				FA8F4DB7213D23CD005A24BA /* Debug */,
				FA8F4DB8213D23CD005A24BA /* Release */,
			);
			defaultConfigurationIsVisible = 0;
			defaultConfigurationName = Release;
		};
		FA8F4DB9213D23CD005A24BA /* Build configuration list for PBXNativeTarget "Scan2Post" */ = {
			isa = XCConfigurationList;
			buildConfigurations = (
				FA8F4DBA213D23CD005A24BA /* Debug */,
				FA8F4DBB213D23CD005A24BA /* Release */,
			);
			defaultConfigurationIsVisible = 0;
			defaultConfigurationName = Release;
		};
/* End XCConfigurationList section */
	};
	rootObject = FA8F4DA0213D23CC005A24BA /* Project object */;
}
